<?xml version="1.0" encoding="UTF-8"?>
<Scheme LastUpgradeVersion = "1600" version = "1.7">
   <BuildAction parallelizeBuildables = "YES" buildImplicitDependencies = "YES">
      <BuildActionEntries>
         <BuildActionEntry buildForTesting = "YES" buildForRunning = "NO" buildForProfiling = "NO" buildForArchiving = "NO" buildForAnalyzing = "YES">
            <BuildableReference
               BuildableIdentifier = "primary"
               BlueprintIdentifier = "F40000000000000000000060"
               BuildableName = "PayabliDemoDeviceTests.xctest"
               BlueprintName = "PayabliDemoDeviceTests"
               ReferencedContainer = "container:PayabliDemo.xcodeproj">
            </BuildableReference>
         </BuildActionEntry>
      </BuildActionEntries>
   </BuildAction>
   <TestAction buildConfiguration = "Debug" selectedDebuggerIdentifier = "Xcode.DebuggerFoundation.Debugger.LLDB" selectedLauncherIdentifier = "Xcode.DebuggerFoundation.Launcher.LLDB" shouldUseLaunchSchemeArgsEnv = "NO">
      <Testables>
         <TestableReference skipped = "NO">
            <BuildableReference
               BuildableIdentifier = "primary"
               BlueprintIdentifier = "F40000000000000000000060"
               BuildableName = "PayabliDemoDeviceTests.xctest"
               BlueprintName = "PayabliDemoDeviceTests"
               ReferencedContainer = "container:PayabliDemo.xcodeproj">
            </BuildableReference>
         </TestableReference>
      </Testables>
      <EnvironmentVariables>
         <EnvironmentVariable
            key = "PAYABLI_ENV"
            value = "qa"
            isEnabled = "YES">
         </EnvironmentVariable>
      </EnvironmentVariables>
   </TestAction>
   <AnalyzeAction buildConfiguration = "Debug"></AnalyzeAction>
</Scheme>
